// !$*UTF8*$!
{
	archiveVersion = 1;
	classes = {
	};
	objectVersion = 55;
	objects = {

/* Begin PBXBuildFile section */
		CA2EFF1E2852043E00A6164C /* AppDelegate.swift in Sources */ = {isa = PBXBuildFile; fileRef = CA2EFF1D2852043E00A6164C /* AppDelegate.swift */; };
		CA2EFF202852043E00A6164C /* SceneDelegate.swift in Sources */ = {isa = PBXBuildFile; fileRef = CA2EFF1F2852043E00A6164C /* SceneDelegate.swift */; };
		CA2EFF272852044000A6164C /* Assets.xcassets in Resources */ = {isa = PBXBuildFile; fileRef = CA2EFF262852044000A6164C /* Assets.xcassets */; };
		CA2EFF2A2852044000A6164C /* LaunchScreen.storyboard in Resources */ = {isa = PBXBuildFile; fileRef = CA2EFF282852044000A6164C /* LaunchScreen.storyboard */; };
		CA2EFF3E2852057400A6164C /* Coordinator.swift in Sources */ = {isa = PBXBuildFile; fileRef = CA2EFF352852057400A6164C /* Coordinator.swift */; };
		CA2EFF3F2852057400A6164C /* MainFlowCoordinator.swift in Sources */ = {isa = PBXBuildFile; fileRef = CA2EFF382852057400A6164C /* MainFlowCoordinator.swift */; };
		CA2EFF402852057400A6164C /* BeerGaleryViewController.swift in Sources */ = {isa = PBXBuildFile; fileRef = CA2EFF3A2852057400A6164C /* BeerGaleryViewController.swift */; };
		CA2EFF412852057400A6164C /* BeerCell.swift in Sources */ = {isa = PBXBuildFile; fileRef = CA2EFF3C2852057400A6164C /* BeerCell.swift */; };
		CA2EFF422852057400A6164C /* BeerGaleryPresenter.swift in Sources */ = {isa = PBXBuildFile; fileRef = CA2EFF3D2852057400A6164C /* BeerGaleryPresenter.swift */; };
		CA2EFF45285209E200A6164C /* Service.swift in Sources */ = {isa = PBXBuildFile; fileRef = CA2EFF44285209E200A6164C /* Service.swift */; };
		CA2EFF4728520A0300A6164C /* ServiceProvider.swift in Sources */ = {isa = PBXBuildFile; fileRef = CA2EFF4628520A0300A6164C /* ServiceProvider.swift */; };
		CA2EFF4A28520A4300A6164C /* BeerService.swift in Sources */ = {isa = PBXBuildFile; fileRef = CA2EFF4928520A4300A6164C /* BeerService.swift */; };
		CA2EFF4D28520E0A00A6164C /* BeerModel.swift in Sources */ = {isa = PBXBuildFile; fileRef = CA2EFF4C28520E0A00A6164C /* BeerModel.swift */; };
		CA2EFF5028522DD900A6164C /* SDWebImage in Frameworks */ = {isa = PBXBuildFile; productRef = CA2EFF4F28522DD900A6164C /* SDWebImage */; };
/* End PBXBuildFile section */

/* Begin PBXFileReference section */
		CA2EFF1A2852043E00A6164C /* Avaloq-TestApp.app */ = {isa = PBXFileReference; explicitFileType = wrapper.application; includeInIndex = 0; path = "Avaloq-TestApp.app"; sourceTree = BUILT_PRODUCTS_DIR; };
		CA2EFF1D2852043E00A6164C /* AppDelegate.swift */ = {isa = PBXFileReference; lastKnownFileType = sourcecode.swift; path = AppDelegate.swift; sourceTree = "<group>"; };
		CA2EFF1F2852043E00A6164C /* SceneDelegate.swift */ = {isa = PBXFileReference; lastKnownFileType = sourcecode.swift; path = SceneDelegate.swift; sourceTree = "<group>"; };
		CA2EFF262852044000A6164C /* Assets.xcassets */ = {isa = PBXFileReference; lastKnownFileType = folder.assetcatalog; path = Assets.xcassets; sourceTree = "<group>"; };
		CA2EFF292852044000A6164C /* Base */ = {isa = PBXFileReference; lastKnownFileType = file.storyboard; name = Base; path = Base.lproj/LaunchScreen.storyboard; sourceTree = "<group>"; };
		CA2EFF2B2852044000A6164C /* Info.plist */ = {isa = PBXFileReference; lastKnownFileType = text.plist.xml; path = Info.plist; sourceTree = "<group>"; };
		CA2EFF352852057400A6164C /* Coordinator.swift */ = {isa = PBXFileReference; fileEncoding = 4; lastKnownFileType = sourcecode.swift; path = Coordinator.swift; sourceTree = "<group>"; };
		CA2EFF382852057400A6164C /* MainFlowCoordinator.swift */ = {isa = PBXFileReference; fileEncoding = 4; lastKnownFileType = sourcecode.swift; path = MainFlowCoordinator.swift; sourceTree = "<group>"; };
		CA2EFF3A2852057400A6164C /* BeerGaleryViewController.swift */ = {isa = PBXFileReference; fileEncoding = 4; lastKnownFileType = sourcecode.swift; path = BeerGaleryViewController.swift; sourceTree = "<group>"; };
		CA2EFF3C2852057400A6164C /* BeerCell.swift */ = {isa = PBXFileReference; fileEncoding = 4; lastKnownFileType = sourcecode.swift; path = BeerCell.swift; sourceTree = "<group>"; };
		CA2EFF3D2852057400A6164C /* BeerGaleryPresenter.swift */ = {isa = PBXFileReference; fileEncoding = 4; lastKnownFileType = sourcecode.swift; path = BeerGaleryPresenter.swift; sourceTree = "<group>"; };
		CA2EFF44285209E200A6164C /* Service.swift */ = {isa = PBXFileReference; lastKnownFileType = sourcecode.swift; path = Service.swift; sourceTree = "<group>"; };
		CA2EFF4628520A0300A6164C /* ServiceProvider.swift */ = {isa = PBXFileReference; lastKnownFileType = sourcecode.swift; path = ServiceProvider.swift; sourceTree = "<group>"; };
		CA2EFF4928520A4300A6164C /* BeerService.swift */ = {isa = PBXFileReference; lastKnownFileType = sourcecode.swift; path = BeerService.swift; sourceTree = "<group>"; };
		CA2EFF4C28520E0A00A6164C /* BeerModel.swift */ = {isa = PBXFileReference; lastKnownFileType = sourcecode.swift; path = BeerModel.swift; sourceTree = "<group>"; };
/* End PBXFileReference section */

/* Begin PBXFrameworksBuildPhase section */
		CA2EFF172852043E00A6164C /* Frameworks */ = {
			isa = PBXFrameworksBuildPhase;
			buildActionMask = 2147483647;
			files = (
				CA2EFF5028522DD900A6164C /* SDWebImage in Frameworks */,
			);
			runOnlyForDeploymentPostprocessing = 0;
		};
/* End PBXFrameworksBuildPhase section */

/* Begin PBXGroup section */
		CA2EFF112852043E00A6164C = {
			isa = PBXGroup;
			children = (
				CA2EFF1C2852043E00A6164C /* Avaloq-TestApp */,
				CA2EFF1B2852043E00A6164C /* Products */,
			);
			sourceTree = "<group>";
		};
		CA2EFF1B2852043E00A6164C /* Products */ = {
			isa = PBXGroup;
			children = (
				CA2EFF1A2852043E00A6164C /* Avaloq-TestApp.app */,
			);
			name = Products;
			sourceTree = "<group>";
		};
		CA2EFF1C2852043E00A6164C /* Avaloq-TestApp */ = {
			isa = PBXGroup;
			children = (
				CA2EFF512852361B00A6164C /* Supporting Files */,
				CA2EFF43285209DB00A6164C /* Network */,
				CA2EFF332852057400A6164C /* Helpers */,
				CA2EFF362852057400A6164C /* Scenes */,
			);
			path = "Avaloq-TestApp";
			sourceTree = "<group>";
		};
		CA2EFF332852057400A6164C /* Helpers */ = {
			isa = PBXGroup;
			children = (
				CA2EFF342852057400A6164C /* Coordinator */,
			);
			path = Helpers;
			sourceTree = "<group>";
		};
		CA2EFF342852057400A6164C /* Coordinator */ = {
			isa = PBXGroup;
			children = (
				CA2EFF352852057400A6164C /* Coordinator.swift */,
			);
			path = Coordinator;
			sourceTree = "<group>";
		};
		CA2EFF362852057400A6164C /* Scenes */ = {
			isa = PBXGroup;
			children = (
				CA2EFF372852057400A6164C /* MainFlow */,
			);
			path = Scenes;
			sourceTree = "<group>";
		};
		CA2EFF372852057400A6164C /* MainFlow */ = {
			isa = PBXGroup;
			children = (
				CA2EFF382852057400A6164C /* MainFlowCoordinator.swift */,
				CA2EFF392852057400A6164C /* BeerGalery */,
			);
			path = MainFlow;
			sourceTree = "<group>";
		};
		CA2EFF392852057400A6164C /* BeerGalery */ = {
			isa = PBXGroup;
			children = (
				CA2EFF4B28520E0100A6164C /* Model */,
				CA2EFF3D2852057400A6164C /* BeerGaleryPresenter.swift */,
				CA2EFF3A2852057400A6164C /* BeerGaleryViewController.swift */,
				CA2EFF3B2852057400A6164C /* VIews */,
			);
			path = BeerGalery;
			sourceTree = "<group>";
		};
		CA2EFF3B2852057400A6164C /* VIews */ = {
			isa = PBXGroup;
			children = (
				CA2EFF3C2852057400A6164C /* BeerCell.swift */,
			);
			path = VIews;
			sourceTree = "<group>";
		};
		CA2EFF43285209DB00A6164C /* Network */ = {
			isa = PBXGroup;
			children = (
				CA2EFF4828520A3200A6164C /* Base */,
				CA2EFF4928520A4300A6164C /* BeerService.swift */,
			);
			path = Network;
			sourceTree = "<group>";
		};
		CA2EFF4828520A3200A6164C /* Base */ = {
			isa = PBXGroup;
			children = (
				CA2EFF44285209E200A6164C /* Service.swift */,
				CA2EFF4628520A0300A6164C /* ServiceProvider.swift */,
			);
			path = Base;
			sourceTree = "<group>";
		};
		CA2EFF4B28520E0100A6164C /* Model */ = {
			isa = PBXGroup;
			children = (
				CA2EFF4C28520E0A00A6164C /* BeerModel.swift */,
			);
			path = Model;
			sourceTree = "<group>";
		};
		CA2EFF512852361B00A6164C /* Supporting Files */ = {
			isa = PBXGroup;
			children = (
				CA2EFF1D2852043E00A6164C /* AppDelegate.swift */,
				CA2EFF1F2852043E00A6164C /* SceneDelegate.swift */,
				CA2EFF262852044000A6164C /* Assets.xcassets */,
				CA2EFF282852044000A6164C /* LaunchScreen.storyboard */,
				CA2EFF2B2852044000A6164C /* Info.plist */,
			);
			path = "Supporting Files";
			sourceTree = "<group>";
		};
/* End PBXGroup section */

/* Begin PBXNativeTarget section */
		CA2EFF192852043E00A6164C /* Avaloq-TestApp */ = {
			isa = PBXNativeTarget;
			buildConfigurationList = CA2EFF2E2852044000A6164C /* Build configuration list for PBXNativeTarget "Avaloq-TestApp" */;
			buildPhases = (
				CA2EFF162852043E00A6164C /* Sources */,
				CA2EFF172852043E00A6164C /* Frameworks */,
				CA2EFF182852043E00A6164C /* Resources */,
			);
			buildRules = (
			);
			dependencies = (
			);
			name = "Avaloq-TestApp";
			packageProductDependencies = (
				CA2EFF4F28522DD900A6164C /* SDWebImage */,
			);
			productName = "Avaloq-TestApp";
			productReference = CA2EFF1A2852043E00A6164C /* Avaloq-TestApp.app */;
			productType = "com.apple.product-type.application";
		};
/* End PBXNativeTarget section */

/* Begin PBXProject section */
		CA2EFF122852043E00A6164C /* Project object */ = {
			isa = PBXProject;
			attributes = {
				BuildIndependentTargetsInParallel = 1;
				LastSwiftUpdateCheck = 1320;
				LastUpgradeCheck = 1320;
				TargetAttributes = {
					CA2EFF192852043E00A6164C = {
						CreatedOnToolsVersion = 13.2.1;
					};
				};
			};
			buildConfigurationList = CA2EFF152852043E00A6164C /* Build configuration list for PBXProject "Avaloq-TestApp" */;
			compatibilityVersion = "Xcode 13.0";
			developmentRegion = en;
			hasScannedForEncodings = 0;
			knownRegions = (
				en,
				Base,
			);
			mainGroup = CA2EFF112852043E00A6164C;
			packageReferences = (
				CA2EFF4E28522DD900A6164C /* XCRemoteSwiftPackageReference "SDWebImage" */,
			);
			productRefGroup = CA2EFF1B2852043E00A6164C /* Products */;
			projectDirPath = "";
			projectRoot = "";
			targets = (
				CA2EFF192852043E00A6164C /* Avaloq-TestApp */,
			);
		};
/* End PBXProject section */

/* Begin PBXResourcesBuildPhase section */
		CA2EFF182852043E00A6164C /* Resources */ = {
			isa = PBXResourcesBuildPhase;
			buildActionMask = 2147483647;
			files = (
				CA2EFF2A2852044000A6164C /* LaunchScreen.storyboard in Resources */,
				CA2EFF272852044000A6164C /* Assets.xcassets in Resources */,
			);
			runOnlyForDeploymentPostprocessing = 0;
		};
/* End PBXResourcesBuildPhase section */

/* Begin PBXSourcesBuildPhase section */
		CA2EFF162852043E00A6164C /* Sources */ = {
			isa = PBXSourcesBuildPhase;
			buildActionMask = 2147483647;
			files = (
				CA2EFF3E2852057400A6164C /* Coordinator.swift in Sources */,
				CA2EFF4D28520E0A00A6164C /* BeerModel.swift in Sources */,
				CA2EFF4A28520A4300A6164C /* BeerService.swift in Sources */,
				CA2EFF45285209E200A6164C /* Service.swift in Sources */,
				CA2EFF1E2852043E00A6164C /* AppDelegate.swift in Sources */,
				CA2EFF4728520A0300A6164C /* ServiceProvider.swift in Sources */,
				CA2EFF412852057400A6164C /* BeerCell.swift in Sources */,
				CA2EFF3F2852057400A6164C /* MainFlowCoordinator.swift in Sources */,
				CA2EFF402852057400A6164C /* BeerGaleryViewController.swift in Sources */,
				CA2EFF422852057400A6164C /* BeerGaleryPresenter.swift in Sources */,
				CA2EFF202852043E00A6164C /* SceneDelegate.swift in Sources */,
			);
			runOnlyForDeploymentPostprocessing = 0;
		};
/* End PBXSourcesBuildPhase section */

/* Begin PBXVariantGroup section */
		CA2EFF282852044000A6164C /* LaunchScreen.storyboard */ = {
			isa = PBXVariantGroup;
			children = (
				CA2EFF292852044000A6164C /* Base */,
			);
			name = LaunchScreen.storyboard;
			sourceTree = "<group>";
		};
/* End PBXVariantGroup section */

/* Begin XCBuildConfiguration section */
		CA2EFF2C2852044000A6164C /* Debug */ = {
			isa = XCBuildConfiguration;
			buildSettings = {
				ALWAYS_SEARCH_USER_PATHS = NO;
				CLANG_ANALYZER_NONNULL = YES;
				CLANG_ANALYZER_NUMBER_OBJECT_CONVERSION = YES_AGGRESSIVE;
				CLANG_CXX_LANGUAGE_STANDARD = "gnu++17";
				CLANG_CXX_LIBRARY = "libc++";
				CLANG_ENABLE_MODULES = YES;
				CLANG_ENABLE_OBJC_ARC = YES;
				CLANG_ENABLE_OBJC_WEAK = YES;
				CLANG_WARN_BLOCK_CAPTURE_AUTORELEASING = YES;
				CLANG_WARN_BOOL_CONVERSION = YES;
				CLANG_WARN_COMMA = YES;
				CLANG_WARN_CONSTANT_CONVERSION = YES;
				CLANG_WARN_DEPRECATED_OBJC_IMPLEMENTATIONS = YES;
				CLANG_WARN_DIRECT_OBJC_ISA_USAGE = YES_ERROR;
				CLANG_WARN_DOCUMENTATION_COMMENTS = YES;
				CLANG_WARN_EMPTY_BODY = YES;
				CLANG_WARN_ENUM_CONVERSION = YES;
				CLANG_WARN_INFINITE_RECURSION = YES;
				CLANG_WARN_INT_CONVERSION = YES;
				CLANG_WARN_NON_LITERAL_NULL_CONVERSION = YES;
				CLANG_WARN_OBJC_IMPLICIT_RETAIN_SELF = YES;
				CLANG_WARN_OBJC_LITERAL_CONVERSION = YES;
				CLANG_WARN_OBJC_ROOT_CLASS = YES_ERROR;
				CLANG_WARN_QUOTED_INCLUDE_IN_FRAMEWORK_HEADER = YES;
				CLANG_WARN_RANGE_LOOP_ANALYSIS = YES;
				CLANG_WARN_STRICT_PROTOTYPES = YES;
				CLANG_WARN_SUSPICIOUS_MOVE = YES;
				CLANG_WARN_UNGUARDED_AVAILABILITY = YES_AGGRESSIVE;
				CLANG_WARN_UNREACHABLE_CODE = YES;
				CLANG_WARN__DUPLICATE_METHOD_MATCH = YES;
				COPY_PHASE_STRIP = NO;
				DEBUG_INFORMATION_FORMAT = dwarf;
				ENABLE_STRICT_OBJC_MSGSEND = YES;
				ENABLE_TESTABILITY = YES;
				GCC_C_LANGUAGE_STANDARD = gnu11;
				GCC_DYNAMIC_NO_PIC = NO;
				GCC_NO_COMMON_BLOCKS = YES;
				GCC_OPTIMIZATION_LEVEL = 0;
				GCC_PREPROCESSOR_DEFINITIONS = (
					"DEBUG=1",
					"$(inherited)",
				);
				GCC_WARN_64_TO_32_BIT_CONVERSION = YES;
				GCC_WARN_ABOUT_RETURN_TYPE = YES_ERROR;
				GCC_WARN_UNDECLARED_SELECTOR = YES;
				GCC_WARN_UNINITIALIZED_AUTOS = YES_AGGRESSIVE;
				GCC_WARN_UNUSED_FUNCTION = YES;
				GCC_WARN_UNUSED_VARIABLE = YES;
				IPHONEOS_DEPLOYMENT_TARGET = 15.2;
				MTL_ENABLE_DEBUG_INFO = INCLUDE_SOURCE;
				MTL_FAST_MATH = YES;
				ONLY_ACTIVE_ARCH = YES;
				SDKROOT = iphoneos;
				SWIFT_ACTIVE_COMPILATION_CONDITIONS = DEBUG;
				SWIFT_OPTIMIZATION_LEVEL = "-Onone";
			};
			name = Debug;
		};
		CA2EFF2D2852044000A6164C /* Release */ = {
			isa = XCBuildConfiguration;
			buildSettings = {
				ALWAYS_SEARCH_USER_PATHS = NO;
				CLANG_ANALYZER_NONNULL = YES;
				CLANG_ANALYZER_NUMBER_OBJECT_CONVERSION = YES_AGGRESSIVE;
				CLANG_CXX_LANGUAGE_STANDARD = "gnu++17";
				CLANG_CXX_LIBRARY = "libc++";
				CLANG_ENABLE_MODULES = YES;
				CLANG_ENABLE_OBJC_ARC = YES;
				CLANG_ENABLE_OBJC_WEAK = YES;
				CLANG_WARN_BLOCK_CAPTURE_AUTORELEASING = YES;
				CLANG_WARN_BOOL_CONVERSION = YES;
				CLANG_WARN_COMMA = YES;
				CLANG_WARN_CONSTANT_CONVERSION = YES;
				CLANG_WARN_DEPRECATED_OBJC_IMPLEMENTATIONS = YES;
				CLANG_WARN_DIRECT_OBJC_ISA_USAGE = YES_ERROR;
				CLANG_WARN_DOCUMENTATION_COMMENTS = YES;
				CLANG_WARN_EMPTY_BODY = YES;
				CLANG_WARN_ENUM_CONVERSION = YES;
				CLANG_WARN_INFINITE_RECURSION = YES;
				CLANG_WARN_INT_CONVERSION = YES;
				CLANG_WARN_NON_LITERAL_NULL_CONVERSION = YES;
				CLANG_WARN_OBJC_IMPLICIT_RETAIN_SELF = YES;
				CLANG_WARN_OBJC_LITERAL_CONVERSION = YES;
				CLANG_WARN_OBJC_ROOT_CLASS = YES_ERROR;
				CLANG_WARN_QUOTED_INCLUDE_IN_FRAMEWORK_HEADER = YES;
				CLANG_WARN_RANGE_LOOP_ANALYSIS = YES;
				CLANG_WARN_STRICT_PROTOTYPES = YES;
				CLANG_WARN_SUSPICIOUS_MOVE = YES;
				CLANG_WARN_UNGUARDED_AVAILABILITY = YES_AGGRESSIVE;
				CLANG_WARN_UNREACHABLE_CODE = YES;
				CLANG_WARN__DUPLICATE_METHOD_MATCH = YES;
				COPY_PHASE_STRIP = NO;
				DEBUG_INFORMATION_FORMAT = "dwarf-with-dsym";
				ENABLE_NS_ASSERTIONS = NO;
				ENABLE_STRICT_OBJC_MSGSEND = YES;
				GCC_C_LANGUAGE_STANDARD = gnu11;
				GCC_NO_COMMON_BLOCKS = YES;
				GCC_WARN_64_TO_32_BIT_CONVERSION = YES;
				GCC_WARN_ABOUT_RETURN_TYPE = YES_ERROR;
				GCC_WARN_UNDECLARED_SELECTOR = YES;
				GCC_WARN_UNINITIALIZED_AUTOS = YES_AGGRESSIVE;
				GCC_WARN_UNUSED_FUNCTION = YES;
				GCC_WARN_UNUSED_VARIABLE = YES;
				IPHONEOS_DEPLOYMENT_TARGET = 15.2;
				MTL_ENABLE_DEBUG_INFO = NO;
				MTL_FAST_MATH = YES;
				SDKROOT = iphoneos;
				SWIFT_COMPILATION_MODE = wholemodule;
				SWIFT_OPTIMIZATION_LEVEL = "-O";
				VALIDATE_PRODUCT = YES;
			};
			name = Release;
		};
		CA2EFF2F2852044000A6164C /* Debug */ = {
			isa = XCBuildConfiguration;
			buildSettings = {
				ASSETCATALOG_COMPILER_APPICON_NAME = AppIcon;
				ASSETCATALOG_COMPILER_GLOBAL_ACCENT_COLOR_NAME = AccentColor;
				CODE_SIGN_STYLE = Automatic;
				CURRENT_PROJECT_VERSION = 1;
				DEVELOPMENT_TEAM = 2JN7S279Q6;
				GENERATE_INFOPLIST_FILE = YES;
				INFOPLIST_FILE = "Avaloq-TestApp/Supporting Files/Info.plist";
				INFOPLIST_KEY_UIApplicationSupportsIndirectInputEvents = YES;
				INFOPLIST_KEY_UILaunchStoryboardName = LaunchScreen;
				INFOPLIST_KEY_UISupportedInterfaceOrientations_iPad = "UIInterfaceOrientationPortrait UIInterfaceOrientationPortraitUpsideDown UIInterfaceOrientationLandscapeLeft UIInterfaceOrientationLandscapeRight";
				INFOPLIST_KEY_UISupportedInterfaceOrientations_iPhone = "UIInterfaceOrientationPortrait UIInterfaceOrientationLandscapeLeft UIInterfaceOrientationLandscapeRight";
				LD_RUNPATH_SEARCH_PATHS = (
					"$(inherited)",
					"@executable_path/Frameworks",
				);
				MARKETING_VERSION = 1.0;
				PRODUCT_BUNDLE_IDENTIFIER = "SL.Avaloq-TestApp";
				PRODUCT_NAME = "$(TARGET_NAME)";
				SWIFT_EMIT_LOC_STRINGS = YES;
				SWIFT_VERSION = 5.0;
				TARGETED_DEVICE_FAMILY = "1,2";
			};
			name = Debug;
		};
		CA2EFF302852044000A6164C /* Release */ = {
			isa = XCBuildConfiguration;
			buildSettings = {
				ASSETCATALOG_COMPILER_APPICON_NAME = AppIcon;
				ASSETCATALOG_COMPILER_GLOBAL_ACCENT_COLOR_NAME = AccentColor;
				CODE_SIGN_STYLE = Automatic;
				CURRENT_PROJECT_VERSION = 1;
				DEVELOPMENT_TEAM = 2JN7S279Q6;
				GENERATE_INFOPLIST_FILE = YES;
				INFOPLIST_FILE = "Avaloq-TestApp/Supporting Files/Info.plist";
				INFOPLIST_KEY_UIApplicationSupportsIndirectInputEvents = YES;
				INFOPLIST_KEY_UILaunchStoryboardName = LaunchScreen;
				INFOPLIST_KEY_UISupportedInterfaceOrientations_iPad = "UIInterfaceOrientationPortrait UIInterfaceOrientationPortraitUpsideDown UIInterfaceOrientationLandscapeLeft UIInterfaceOrientationLandscapeRight";
				INFOPLIST_KEY_UISupportedInterfaceOrientations_iPhone = "UIInterfaceOrientationPortrait UIInterfaceOrientationLandscapeLeft UIInterfaceOrientationLandscapeRight";
				LD_RUNPATH_SEARCH_PATHS = (
					"$(inherited)",
					"@executable_path/Frameworks",
				);
				MARKETING_VERSION = 1.0;
				PRODUCT_BUNDLE_IDENTIFIER = "SL.Avaloq-TestApp";
				PRODUCT_NAME = "$(TARGET_NAME)";
				SWIFT_EMIT_LOC_STRINGS = YES;
				SWIFT_VERSION = 5.0;
				TARGETED_DEVICE_FAMILY = "1,2";
			};
			name = Release;
		};
/* End XCBuildConfiguration section */

/* Begin XCConfigurationList section */
		CA2EFF152852043E00A6164C /* Build configuration list for PBXProject "Avaloq-TestApp" */ = {
			isa = XCConfigurationList;
			buildConfigurations = (
				CA2EFF2C2852044000A6164C /* Debug */,
				CA2EFF2D2852044000A6164C /* Release */,
			);
			defaultConfigurationIsVisible = 0;
			defaultConfigurationName = Release;
		};
		CA2EFF2E2852044000A6164C /* Build configuration list for PBXNativeTarget "Avaloq-TestApp" */ = {
			isa = XCConfigurationList;
			buildConfigurations = (
				CA2EFF2F2852044000A6164C /* Debug */,
				CA2EFF302852044000A6164C /* Release */,
			);
			defaultConfigurationIsVisible = 0;
			defaultConfigurationName = Release;
		};
/* End XCConfigurationList section */

/* Begin XCRemoteSwiftPackageReference section */
		CA2EFF4E28522DD900A6164C /* XCRemoteSwiftPackageReference "SDWebImage" */ = {
			isa = XCRemoteSwiftPackageReference;
			repositoryURL = "https://github.com/SDWebImage/SDWebImage.git";
			requirement = {
				kind = upToNextMajorVersion;
				minimumVersion = 5.1.0;
			};
		};
/* End XCRemoteSwiftPackageReference section */

/* Begin XCSwiftPackageProductDependency section */
		CA2EFF4F28522DD900A6164C /* SDWebImage */ = {
			isa = XCSwiftPackageProductDependency;
			package = CA2EFF4E28522DD900A6164C /* XCRemoteSwiftPackageReference "SDWebImage" */;
			productName = SDWebImage;
		};
/* End XCSwiftPackageProductDependency section */
	};
	rootObject = CA2EFF122852043E00A6164C /* Project object */;
}
